
Microsoft Visual Studio Solution File, Format Version 12.00
Project("{FAE04EC0-301F-11D3-BF4B-00C04F79EFBC}") = "PhoneBook.API", "PhoneBook.API\PhoneBook.API.csproj", "{6AB84476-5758-40C8-A5E0-C063A99497F9}"
EndProject
Project("{FAE04EC0-301F-11D3-BF4B-00C04F79EFBC}") = "PhoneBook.Application", "PhoneBook.Application\PhoneBook.Application.csproj", "{FB11F0A2-B17A-47A1-A3D8-329C5EA9FB82}"
EndProject
Project("{FAE04EC0-301F-11D3-BF4B-00C04F79EFBC}") = "PhoneBook.Domain", "PhoneBook.Domain\PhoneBook.Domain.csproj", "{C6AC45B0-F524-4EF4-BE2B-11C6AF94444D}"
EndProject
Project("{FAE04EC0-301F-11D3-BF4B-00C04F79EFBC}") = "PhoneBook.Infrastructure", "PhoneBook.Infrastructure\PhoneBook.Infrastructure.csproj", "{B3E3CF80-C7AC-41F1-81A2-CB97651A0000}"
EndProject
Global
	GlobalSection(SolutionConfigurationPlatforms) = preSolution
		Debug|Any CPU = Debug|Any CPU
		Release|Any CPU = Release|Any CPU
	EndGlobalSection
	GlobalSection(ProjectConfigurationPlatforms) = postSolution
		{6AB84476-5758-40C8-A5E0-C063A99497F9}.Debug|Any CPU.ActiveCfg = Debug|Any CPU
		{6AB84476-5758-40C8-A5E0-C063A99497F9}.Debug|Any CPU.Build.0 = Debug|Any CPU
		{6AB84476-5758-40C8-A5E0-C063A99497F9}.Release|Any CPU.ActiveCfg = Release|Any CPU
		{6AB84476-5758-40C8-A5E0-C063A99497F9}.Release|Any CPU.Build.0 = Release|Any CPU
		{FB11F0A2-B17A-47A1-A3D8-329C5EA9FB82}.Debug|Any CPU.ActiveCfg = Debug|Any CPU
		{FB11F0A2-B17A-47A1-A3D8-329C5EA9FB82}.Debug|Any CPU.Build.0 = Debug|Any CPU
		{FB11F0A2-B17A-47A1-A3D8-329C5EA9FB82}.Release|Any CPU.ActiveCfg = Release|Any CPU
		{FB11F0A2-B17A-47A1-A3D8-329C5EA9FB82}.Release|Any CPU.Build.0 = Release|Any CPU
		{C6AC45B0-F524-4EF4-BE2B-11C6AF94444D}.Debug|Any CPU.ActiveCfg = Debug|Any CPU
		{C6AC45B0-F524-4EF4-BE2B-11C6AF94444D}.Debug|Any CPU.Build.0 = Debug|Any CPU
		{C6AC45B0-F524-4EF4-BE2B-11C6AF94444D}.Release|Any CPU.ActiveCfg = Release|Any CPU
		{C6AC45B0-F524-4EF4-BE2B-11C6AF94444D}.Release|Any CPU.Build.0 = Release|Any CPU
		{B3E3CF80-C7AC-41F1-81A2-CB97651A0000}.Debug|Any CPU.ActiveCfg = Debug|Any CPU
		{B3E3CF80-C7AC-41F1-81A2-CB97651A0000}.Debug|Any CPU.Build.0 = Debug|Any CPU
		{B3E3CF80-C7AC-41F1-81A2-CB97651A0000}.Release|Any CPU.ActiveCfg = Release|Any CPU
		{B3E3CF80-C7AC-41F1-81A2-CB97651A0000}.Release|Any CPU.Build.0 = Release|Any CPU
	EndGlobalSection
EndGlobal
